
Microsoft Visual Studio Solution File, Format Version 12.00
# Visual Studio Version 17
VisualStudioVersion = 17.1.32210.238
MinimumVisualStudioVersion = 10.0.40219.1
Project("{FAE04EC0-301F-11D3-BF4B-00C04F79EFBC}") = "Calculadora", "Calculadora\Calculadora.csproj", "{48DAA472-0E57-410C-B215-AC7A6C56D89A}"
EndProject
Global
	GlobalSection(SolutionConfigurationPlatforms) = preSolution
		Debug|Any CPU = Debug|Any CPU
		Release|Any CPU = Release|Any CPU
	EndGlobalSection
	GlobalSection(ProjectConfigurationPlatforms) = postSolution
		{48DAA472-0E57-410C-B215-AC7A6C56D89A}.Debug|Any CPU.ActiveCfg = Debug|Any CPU
		{48DAA472-0E57-410C-B215-AC7A6C56D89A}.Debug|Any CPU.Build.0 = Debug|Any CPU
		{48DAA472-0E57-410C-B215-AC7A6C56D89A}.Release|Any CPU.ActiveCfg = Release|Any CPU
		{48DAA472-0E57-410C-B215-AC7A6C56D89A}.Release|Any CPU.Build.0 = Release|Any CPU
	EndGlobalSection
	GlobalSection(SolutionProperties) = preSolution
		HideSolutionNode = FALSE
	EndGlobalSection
	GlobalSection(ExtensibilityGlobals) = postSolution
		SolutionGuid = {79672797-14AD-4E2B-8CCE-4DABF15A97A3}
	EndGlobalSection
EndGlobal
